
Microsoft Visual Studio Solution File, Format Version 12.00
# Visual Studio 14
VisualStudioVersion = 14.0.25420.1
MinimumVisualStudioVersion = 10.0.40219.1
Project("{FAE04EC0-301F-11D3-BF4B-00C04F79EFBC}") = "com.app", "com.app\com.app.csproj", "{69F91A2A-6EE7-46D8-9AC5-FFEF4F06602B}"
EndProject
Project("{FAE04EC0-301F-11D3-BF4B-00C04F79EFBC}") = "app.com.WebForms", "web forms\com.WebUI\app.com.WebForms.csproj", "{F7BBB451-9026-4BE4-BE9B-FCC4E0954835}"
EndProject
Project("{FAE04EC0-301F-11D3-BF4B-00C04F79EFBC}") = "app.com.bal", "app.com.bal\app.com.bal.csproj", "{CD75DFF7-E164-4605-84D6-0B7BDAB45247}"
EndProject
Project("{FAE04EC0-301F-11D3-BF4B-00C04F79EFBC}") = "app.com.dal", "app.com.dal\app.com.dal.csproj", "{B2B8BBC7-158A-4DE5-967B-10150886832F}"
EndProject
Global
	GlobalSection(SolutionConfigurationPlatforms) = preSolution
		Debug|Any CPU = Debug|Any CPU
		Release|Any CPU = Release|Any CPU
	EndGlobalSection
	GlobalSection(ProjectConfigurationPlatforms) = postSolution
		{69F91A2A-6EE7-46D8-9AC5-FFEF4F06602B}.Debug|Any CPU.ActiveCfg = Debug|Any CPU
		{69F91A2A-6EE7-46D8-9AC5-FFEF4F06602B}.Debug|Any CPU.Build.0 = Debug|Any CPU
		{69F91A2A-6EE7-46D8-9AC5-FFEF4F06602B}.Release|Any CPU.ActiveCfg = Release|Any CPU
		{69F91A2A-6EE7-46D8-9AC5-FFEF4F06602B}.Release|Any CPU.Build.0 = Release|Any CPU
		{F7BBB451-9026-4BE4-BE9B-FCC4E0954835}.Debug|Any CPU.ActiveCfg = Debug|Any CPU
		{F7BBB451-9026-4BE4-BE9B-FCC4E0954835}.Debug|Any CPU.Build.0 = Debug|Any CPU
		{F7BBB451-9026-4BE4-BE9B-FCC4E0954835}.Release|Any CPU.ActiveCfg = Release|Any CPU
		{F7BBB451-9026-4BE4-BE9B-FCC4E0954835}.Release|Any CPU.Build.0 = Release|Any CPU
		{CD75DFF7-E164-4605-84D6-0B7BDAB45247}.Debug|Any CPU.ActiveCfg = Debug|Any CPU
		{CD75DFF7-E164-4605-84D6-0B7BDAB45247}.Debug|Any CPU.Build.0 = Debug|Any CPU
		{CD75DFF7-E164-4605-84D6-0B7BDAB45247}.Release|Any CPU.ActiveCfg = Release|Any CPU
		{CD75DFF7-E164-4605-84D6-0B7BDAB45247}.Release|Any CPU.Build.0 = Release|Any CPU
		{B2B8BBC7-158A-4DE5-967B-10150886832F}.Debug|Any CPU.ActiveCfg = Debug|Any CPU
		{B2B8BBC7-158A-4DE5-967B-10150886832F}.Debug|Any CPU.Build.0 = Debug|Any CPU
		{B2B8BBC7-158A-4DE5-967B-10150886832F}.Release|Any CPU.ActiveCfg = Release|Any CPU
		{B2B8BBC7-158A-4DE5-967B-10150886832F}.Release|Any CPU.Build.0 = Release|Any CPU
	EndGlobalSection
	GlobalSection(SolutionProperties) = preSolution
		HideSolutionNode = FALSE
	EndGlobalSection
EndGlobal
